
Microsoft Visual Studio Solution File, Format Version 12.00
# Visual Studio Version 17
VisualStudioVersion = 17.8.34316.72
MinimumVisualStudioVersion = 10.0.40219.1
Project("{FAE04EC0-301F-11D3-BF4B-00C04F79EFBC}") = "BugCTPopupNet8", "BugCTPopupNet8.csproj", "{BE35401E-F2DF-47BB-9E39-CA288C19489A}"
EndProject
Global
	GlobalSection(SolutionConfigurationPlatforms) = preSolution
		Debug|Any CPU = Debug|Any CPU
		Release|Any CPU = Release|Any CPU
	EndGlobalSection
	GlobalSection(ProjectConfigurationPlatforms) = postSolution
		{BE35401E-F2DF-47BB-9E39-CA288C19489A}.Debug|Any CPU.ActiveCfg = Debug|Any CPU
		{BE35401E-F2DF-47BB-9E39-CA288C19489A}.Debug|Any CPU.Build.0 = Debug|Any CPU
		{BE35401E-F2DF-47BB-9E39-CA288C19489A}.Debug|Any CPU.Deploy.0 = Debug|Any CPU
		{BE35401E-F2DF-47BB-9E39-CA288C19489A}.Release|Any CPU.ActiveCfg = Release|Any CPU
		{BE35401E-F2DF-47BB-9E39-CA288C19489A}.Release|Any CPU.Build.0 = Release|Any CPU
		{BE35401E-F2DF-47BB-9E39-CA288C19489A}.Release|Any CPU.Deploy.0 = Release|Any CPU
	EndGlobalSection
	GlobalSection(SolutionProperties) = preSolution
		HideSolutionNode = FALSE
	EndGlobalSection
	GlobalSection(ExtensibilityGlobals) = postSolution
		SolutionGuid = {7053BCC5-7DB5-4E6A-AAD4-173480AB7D1A}
	EndGlobalSection
EndGlobal
